{
  "name": "proto",
  "version": "1.0.0",
  "lockfileVersion": 3,
  "requires": true,
  "packages": {
    "": {
      "name": "proto",
      "version": "1.0.0",
      "license": "ISC",
      "dependencies": {
        "protoc-gen-ts": "^0.8.7"
      }
    },
    "node_modules/protoc-gen-ts": {
      "version": "0.8.7",
      "resolved": "https://registry.npmjs.org/protoc-gen-ts/-/protoc-gen-ts-0.8.7.tgz",
      "integrity": "sha512-jr4VJey2J9LVYCV7EVyVe53g1VMw28cCmYJhBe5e3YX5wiyiDwgxWxeDf9oTqAe4P1bN/YGAkW2jhlH8LohwiQ==",
      "license": "MIT",
      "bin": {
        "protoc-gen-ts": "protoc-gen-ts.js"
      },
      "funding": {
        "type": "individual",
        "url": "https://www.buymeacoffee.com/thesayyn"
      }
    }
  }
}
